
Microsoft Visual Studio Solution File, Format Version 12.00
# Visual Studio Version 17
VisualStudioVersion = 17.7.34031.279
MinimumVisualStudioVersion = 10.0.40219.1
Project("{FAE04EC0-301F-11D3-BF4B-00C04F79EFBC}") = "GHTimeScale", "GHTimeScale\GHTimeScale.csproj", "{890302D2-7911-423D-A0E8-22833BCF7589}"
EndProject
Global
	GlobalSection(SolutionConfigurationPlatforms) = preSolution
		Debug|Any CPU = Debug|Any CPU
		Release|Any CPU = Release|Any CPU
	EndGlobalSection
	GlobalSection(ProjectConfigurationPlatforms) = postSolution
		{890302D2-7911-423D-A0E8-22833BCF7589}.Debug|Any CPU.ActiveCfg = Debug|Any CPU
		{890302D2-7911-423D-A0E8-22833BCF7589}.Debug|Any CPU.Build.0 = Debug|Any CPU
		{890302D2-7911-423D-A0E8-22833BCF7589}.Release|Any CPU.ActiveCfg = Release|Any CPU
		{890302D2-7911-423D-A0E8-22833BCF7589}.Release|Any CPU.Build.0 = Release|Any CPU
	EndGlobalSection
	GlobalSection(SolutionProperties) = preSolution
		HideSolutionNode = FALSE
	EndGlobalSection
	GlobalSection(ExtensibilityGlobals) = postSolution
		SolutionGuid = {63BBD60D-5DC9-429F-9994-ED39C2596C6B}
	EndGlobalSection
EndGlobal
